# Generated by pub
# See https://dart.dev/tools/pub/glossary#lockfile
packages:
  async:
    dependency: transitive
    description:
      name: async
      sha256: 947bfcf187f74dbc5e146c9eb9c0f10c9f8b30743e341481c1e2ed3ecc18c20c
      url: "https://pub.dev"
    source: hosted
    version: "2.11.0"
  collection:
    dependency: transitive
    description:
      name: collection
      sha256: f092b211a4319e98e5ff58223576de6c2803db36221657b46c82574721240687
      url: "https://pub.dev"
    source: hosted
    version: "1.17.2"
  cupertino_icons:
    dependency: "main"
    description:
      name: cupertino_icons
      sha256: d57953e10f9f8327ce64a508a355f0b1ec902193f66288e8cb5070e7c47eeb2d
      url: "https://pub.dev"
    source: hosted
    version: "1.0.6"
  flutter:
    dependency: "main"
    description: flutter
    source: sdk
    version: "0.0.0"
  flutter_launcher_icons:
    dependency: "dev"
    description:
      name: flutter_launcher_icons
      sha256: 526faf84284b86a4cb36d20a5e45147747b7563d921373d4ee0559c54fcdbcea1
      url: "https://pub.dev"
    source: hosted
    version: "0.13.1"
  flutter_test:
    dependency: "main"
    description: flutter
    source: sdk
    version: "0.0.0"
  meta:
    dependency: transitive
    description:
      name: meta
      sha256: 3c74dbf8763d36539f114c799d8a2d87343b5067e9d796ca22b5eb8437090ee3
      url: "https://pub.dev"
    source: hosted
    version: "1.9.1"
  sky_engine:
    dependency: transitive
    description: flutter
    source: sdk
    version: "0.0.99"
  url_launcher:
    dependency: "main"
    description:
      name: url_launcher
      sha256: 47e208a6711459d813ba18af120d9663c20bdf6985d6ad39fe165d2538378d27a
      url: "https://pub.dev"
    source: hosted
    version: "6.1.14"
  webview_flutter:
    dependency: "main"
    description:
      name: webview_flutter
      sha256: 82f5bc6cd24b69c3c4c07ee01e9e8dc9e38b5a8c61f29637b80e97b22b31e73c1
      url: "https://pub.dev"
    source: hosted
    version: "4.4.2"
sdks:
  dart: ">=3.1.0 <4.0.0"
  flutter: ">=3.13.0"